// !$*UTF8*$!
{
	archiveVersion = 1;
	classes = {
	};
	objectVersion = 46;
	objects = {

/* Begin PBXGroup section */
		D9BE9B7E1CABA2D500824EEB = {
			isa = PBXGroup;
			children = (
			);
			sourceTree = "<group>";
		};
/* End PBXGroup section */

/* Begin PBXProject section */
		D9BE9B7F1CABA2D500824EEB /* Project object */ = {
			isa = PBXProject;
			attributes = {
				LastUpgradeCheck = 0730;
			};
			buildConfigurationList = D9BE9B821CABA2D500824EEB /* Build configuration list for PBXProject "Head First Lounge" */;
			compatibilityVersion = "Xcode 3.2";
			developmentRegion = English;
			hasScannedForEncodings = 0;
			knownRegions = (
				en,
			);
			mainGroup = D9BE9B7E1CABA2D500824EEB;
			projectDirPath = "";
			projectRoot = "";
			targets = (
			);
		};
/* End PBXProject section */

/* Begin XCBuildConfiguration section */
		D9BE9B831CABA2D500824EEB /* Debug */ = {
			isa = XCBuildConfiguration;
			buildSettings = {
			};
			name = Debug;
		};
		D9BE9B841CABA2D500824EEB /* Release */ = {
			isa = XCBuildConfiguration;
			buildSettings = {
			};
			name = Release;
		};
/* End XCBuildConfiguration section */

/* Begin XCConfigurationList section */
		D9BE9B821CABA2D500824EEB /* Build configuration list for PBXProject "Head First Lounge" */ = {
			isa = XCConfigurationList;
			buildConfigurations = (
				D9BE9B831CABA2D500824EEB /* Debug */,
				D9BE9B841CABA2D500824EEB /* Release */,
			);
			defaultConfigurationIsVisible = 0;
			defaultConfigurationName = Release;
		};
/* End XCConfigurationList section */
	};
	rootObject = D9BE9B7F1CABA2D500824EEB /* Project object */;
}
